// !$*UTF8*$!
{
	archiveVersion = 1;
	classes = {
	};
	objectVersion = 77;
	objects = {

/* Begin PBXBuildFile section */
		1762895A2E7DCC0200B1C0A5 /* OneSignalNotificatinServiceExtension.appex in Embed Foundation Extensions */ = {isa = PBXBuildFile; fileRef = 176289532E7DCC0200B1C0A5 /* OneSignalNotificatinServiceExtension.appex */; settings = {ATTRIBUTES = (RemoveHeadersOnCopy, ); }; };
		176289622E7DCD1500B1C0A5 /* OneSignalExtension in Frameworks */ = {isa = PBXBuildFile; productRef = 176289612E7DCD1500B1C0A5 /* OneSignalExtension */; };
		176289642E7DCD1500B1C0A5 /* OneSignalFramework in Frameworks */ = {isa = PBXBuildFile; productRef = 176289632E7DCD1500B1C0A5 /* OneSignalFramework */; };
		176289662E7DCD1500B1C0A5 /* OneSignalInAppMessages in Frameworks */ = {isa = PBXBuildFile; productRef = 176289652E7DCD1500B1C0A5 /* OneSignalInAppMessages */; };
		176FC5AC2E67346B0061FD26 /* PurchasesHybridCommon in Frameworks */ = {isa = PBXBuildFile; productRef = 176FC5AB2E67346B0061FD26 /* PurchasesHybridCommon */; };
		176FC5AE2E67346B0061FD26 /* PurchasesHybridCommonUI in Frameworks */ = {isa = PBXBuildFile; productRef = 176FC5AD2E67346B0061FD26 /* PurchasesHybridCommonUI */; };
		176FC5C92E6DEC270061FD26 /* StoreKit.framework in Frameworks */ = {isa = PBXBuildFile; fileRef = 176FC5C82E6DEC270061FD26 /* StoreKit.framework */; };
/* End PBXBuildFile section */

/* Begin PBXContainerItemProxy section */
		176289582E7DCC0200B1C0A5 /* PBXContainerItemProxy */ = {
			isa = PBXContainerItemProxy;
			containerPortal = B9DA97A92DC1472C00A4DA20 /* Project object */;
			proxyType = 1;
			remoteGlobalIDString = 176289522E7DCC0200B1C0A5;
			remoteInfo = OneSignalNotificatinServiceExtension;
		};
/* End PBXContainerItemProxy section */

/* Begin PBXCopyFilesBuildPhase section */
		1762895F2E7DCC0200B1C0A5 /* Embed Foundation Extensions */ = {
			isa = PBXCopyFilesBuildPhase;
			buildActionMask = 2147483647;
			dstPath = "";
			dstSubfolderSpec = 13;
			files = (
				1762895A2E7DCC0200B1C0A5 /* OneSignalNotificatinServiceExtension.appex in Embed Foundation Extensions */,
			);
			name = "Embed Foundation Extensions";
			runOnlyForDeploymentPostprocessing = 0;
		};
/* End PBXCopyFilesBuildPhase section */

/* Begin PBXFileReference section */
		176289532E7DCC0200B1C0A5 /* OneSignalNotificatinServiceExtension.appex */ = {isa = PBXFileReference; explicitFileType = "wrapper.app-extension"; includeInIndex = 0; path = OneSignalNotificatinServiceExtension.appex; sourceTree = BUILT_PRODUCTS_DIR; };
		176FC5C82E6DEC270061FD26 /* StoreKit.framework */ = {isa = PBXFileReference; lastKnownFileType = wrapper.framework; name = StoreKit.framework; path = System/Library/Frameworks/StoreKit.framework; sourceTree = SDKROOT; };
		B9DA97B12DC1472C00A4DA20 /* Aishou.app */ = {isa = PBXFileReference; explicitFileType = wrapper.application; includeInIndex = 0; path = Aishou.app; sourceTree = BUILT_PRODUCTS_DIR; };
/* End PBXFileReference section */

/* Begin PBXFileSystemSynchronizedBuildFileExceptionSet section */
		1762895E2E7DCC0200B1C0A5 /* Exceptions for "OneSignalNotificatinServiceExtension" folder in "OneSignalNotificatinServiceExtension" target */ = {
			isa = PBXFileSystemSynchronizedBuildFileExceptionSet;
			membershipExceptions = (
				Info.plist,
			);
			target = 176289522E7DCC0200B1C0A5 /* OneSignalNotificatinServiceExtension */;
		};
		B99700CA2DC9B8D800C7335B /* Exceptions for "iosApp" folder in "iosApp" target */ = {
			isa = PBXFileSystemSynchronizedBuildFileExceptionSet;
			membershipExceptions = (
				Info.plist,
			);
			target = B9DA97B02DC1472C00A4DA20 /* iosApp */;
		};
/* End PBXFileSystemSynchronizedBuildFileExceptionSet section */

/* Begin PBXFileSystemSynchronizedRootGroup section */
		176289542E7DCC0200B1C0A5 /* OneSignalNotificatinServiceExtension */ = {
			isa = PBXFileSystemSynchronizedRootGroup;
			exceptions = (
				1762895E2E7DCC0200B1C0A5 /* Exceptions for "OneSignalNotificatinServiceExtension" folder in "OneSignalNotificatinServiceExtension" target */,
			);
			path = OneSignalNotificatinServiceExtension;
			sourceTree = "<group>";
		};
		B9DA97B32DC1472C00A4DA20 /* iosApp */ = {
			isa = PBXFileSystemSynchronizedRootGroup;
			exceptions = (
				B99700CA2DC9B8D800C7335B /* Exceptions for "iosApp" folder in "iosApp" target */,
			);
			path = iosApp;
			sourceTree = "<group>";
		};
		B9DA98002DC14AA900A4DA20 /* Configuration */ = {
			isa = PBXFileSystemSynchronizedRootGroup;
			path = Configuration;
			sourceTree = "<group>";
		};
/* End PBXFileSystemSynchronizedRootGroup section */

/* Begin PBXFrameworksBuildPhase section */
		176289502E7DCC0200B1C0A5 /* Frameworks */ = {
			isa = PBXFrameworksBuildPhase;
			buildActionMask = 2147483647;
			files = (
				176289622E7DCD1500B1C0A5 /* OneSignalExtension in Frameworks */,
			);
			runOnlyForDeploymentPostprocessing = 0;
		};
		B9DA97AE2DC1472C00A4DA20 /* Frameworks */ = {
			isa = PBXFrameworksBuildPhase;
			buildActionMask = 2147483647;
			files = (
				176289662E7DCD1500B1C0A5 /* OneSignalInAppMessages in Frameworks */,
				176289642E7DCD1500B1C0A5 /* OneSignalFramework in Frameworks */,
				176FC5C92E6DEC270061FD26 /* StoreKit.framework in Frameworks */,
				176FC5AE2E67346B0061FD26 /* PurchasesHybridCommonUI in Frameworks */,
				176FC5AC2E67346B0061FD26 /* PurchasesHybridCommon in Frameworks */,
			);
			runOnlyForDeploymentPostprocessing = 0;
		};
/* End PBXFrameworksBuildPhase section */

/* Begin PBXGroup section */
		176FC5C72E6DEC270061FD26 /* Frameworks */ = {
			isa = PBXGroup;
			children = (
				176FC5C82E6DEC270061FD26 /* StoreKit.framework */,
			);
			name = Frameworks;
			sourceTree = "<group>";
		};
		B9DA97A82DC1472C00A4DA20 = {
			isa = PBXGroup;
			children = (
				B9DA98002DC14AA900A4DA20 /* Configuration */,
				B9DA97B32DC1472C00A4DA20 /* iosApp */,
				176289542E7DCC0200B1C0A5 /* OneSignalNotificatinServiceExtension */,
				176FC5C72E6DEC270061FD26 /* Frameworks */,
				B9DA97B22DC1472C00A4DA20 /* Products */,
			);
			sourceTree = "<group>";
		};
		B9DA97B22DC1472C00A4DA20 /* Products */ = {
			isa = PBXGroup;
			children = (
				B9DA97B12DC1472C00A4DA20 /* Aishou.app */,
				176289532E7DCC0200B1C0A5 /* OneSignalNotificatinServiceExtension.appex */,
			);
			name = Products;
			sourceTree = "<group>";
		};
/* End PBXGroup section */

/* Begin PBXNativeTarget section */
		176289522E7DCC0200B1C0A5 /* OneSignalNotificatinServiceExtension */ = {
			isa = PBXNativeTarget;
			buildConfigurationList = 1762895B2E7DCC0200B1C0A5 /* Build configuration list for PBXNativeTarget "OneSignalNotificatinServiceExtension" */;
			buildPhases = (
				1762894F2E7DCC0200B1C0A5 /* Sources */,
				176289502E7DCC0200B1C0A5 /* Frameworks */,
				176289512E7DCC0200B1C0A5 /* Resources */,
			);
			buildRules = (
			);
			dependencies = (
			);
			fileSystemSynchronizedGroups = (
				176289542E7DCC0200B1C0A5 /* OneSignalNotificatinServiceExtension */,
			);
			name = OneSignalNotificatinServiceExtension;
			packageProductDependencies = (
				176289612E7DCD1500B1C0A5 /* OneSignalExtension */,
			);
			productName = OneSignalNotificatinServiceExtension;
			productReference = 176289532E7DCC0200B1C0A5 /* OneSignalNotificatinServiceExtension.appex */;
			productType = "com.apple.product-type.app-extension";
		};
		B9DA97B02DC1472C00A4DA20 /* iosApp */ = {
			isa = PBXNativeTarget;
			buildConfigurationList = B9DA97BF2DC1472D00A4DA20 /* Build configuration list for PBXNativeTarget "iosApp" */;
			buildPhases = (
				B9DA97F42DC1497100A4DA20 /* Compile Kotlin Framework */,
				B9DA97AD2DC1472C00A4DA20 /* Sources */,
				B9DA97AE2DC1472C00A4DA20 /* Frameworks */,
				B9DA97AF2DC1472C00A4DA20 /* Resources */,
				1762895F2E7DCC0200B1C0A5 /* Embed Foundation Extensions */,
			);
			buildRules = (
			);
			dependencies = (
				176289592E7DCC0200B1C0A5 /* PBXTargetDependency */,
			);
			fileSystemSynchronizedGroups = (
				B9DA97B32DC1472C00A4DA20 /* iosApp */,
			);
			name = iosApp;
			packageProductDependencies = (
				176FC5AB2E67346B0061FD26 /* PurchasesHybridCommon */,
				176FC5AD2E67346B0061FD26 /* PurchasesHybridCommonUI */,
				176289632E7DCD1500B1C0A5 /* OneSignalFramework */,
				176289652E7DCD1500B1C0A5 /* OneSignalInAppMessages */,
			);
			productName = iosApp;
			productReference = B9DA97B12DC1472C00A4DA20 /* Aishou.app */;
			productType = "com.apple.product-type.application";
		};
/* End PBXNativeTarget section */

/* Begin PBXProject section */
		B9DA97A92DC1472C00A4DA20 /* Project object */ = {
			isa = PBXProject;
			attributes = {
				BuildIndependentTargetsInParallel = 1;
				LastSwiftUpdateCheck = 1600;
				LastUpgradeCheck = 1620;
				TargetAttributes = {
					176289522E7DCC0200B1C0A5 = {
						CreatedOnToolsVersion = 16.0;
					};
					B9DA97B02DC1472C00A4DA20 = {
						CreatedOnToolsVersion = 16.2;
					};
				};
			};
			buildConfigurationList = B9DA97AC2DC1472C00A4DA20 /* Build configuration list for PBXProject "iosApp" */;
			developmentRegion = en;
			hasScannedForEncodings = 0;
			knownRegions = (
				en,
				Base,
			);
			mainGroup = B9DA97A82DC1472C00A4DA20;
			minimizedProjectReferenceProxies = 1;
			packageReferences = (
				176FC5AA2E67346B0061FD26 /* XCRemoteSwiftPackageReference "purchases-hybrid-common" */,
				1762894D2E7DBAC900B1C0A5 /* XCRemoteSwiftPackageReference "OneSignal-iOS-SDK" */,
			);
			preferredProjectObjectVersion = 77;
			productRefGroup = B9DA97B22DC1472C00A4DA20 /* Products */;
			projectDirPath = "";
			projectRoot = "";
			targets = (
				B9DA97B02DC1472C00A4DA20 /* iosApp */,
				176289522E7DCC0200B1C0A5 /* OneSignalNotificatinServiceExtension */,
			);
		};
/* End PBXProject section */

/* Begin PBXResourcesBuildPhase section */
		176289512E7DCC0200B1C0A5 /* Resources */ = {
			isa = PBXResourcesBuildPhase;
			buildActionMask = 2147483647;
			files = (
			);
			runOnlyForDeploymentPostprocessing = 0;
		};
		B9DA97AF2DC1472C00A4DA20 /* Resources */ = {
			isa = PBXResourcesBuildPhase;
			buildActionMask = 2147483647;
			files = (
			);
			runOnlyForDeploymentPostprocessing = 0;
		};
/* End PBXResourcesBuildPhase section */

/* Begin PBXShellScriptBuildPhase section */
		B9DA97F42DC1497100A4DA20 /* Compile Kotlin Framework */ = {
			isa = PBXShellScriptBuildPhase;
			alwaysOutOfDate = 1;
			buildActionMask = 2147483647;
			files = (
			);
			inputFileListPaths = (
			);
			inputPaths = (
			);
			name = "Compile Kotlin Framework";
			outputFileListPaths = (
			);
			outputPaths = (
			);
			runOnlyForDeploymentPostprocessing = 0;
			shellPath = /bin/sh;
			shellScript = "if [ \"YES\" = \"$OVERRIDE_KOTLIN_BUILD_IDE_SUPPORTED\" ]; then\n  echo \"Skipping Gradle build task invocation due to OVERRIDE_KOTLIN_BUILD_IDE_SUPPORTED environment variable set to \\\"YES\\\"\"\n  exit 0\nfi\ncd \"$SRCROOT/..\"\n./gradlew :composeApp:embedAndSignAppleFrameworkForXcode\n";
		};
/* End PBXShellScriptBuildPhase section */

/* Begin PBXSourcesBuildPhase section */
		1762894F2E7DCC0200B1C0A5 /* Sources */ = {
			isa = PBXSourcesBuildPhase;
			buildActionMask = 2147483647;
			files = (
			);
			runOnlyForDeploymentPostprocessing = 0;
		};
		B9DA97AD2DC1472C00A4DA20 /* Sources */ = {
			isa = PBXSourcesBuildPhase;
			buildActionMask = 2147483647;
			files = (
			);
			runOnlyForDeploymentPostprocessing = 0;
		};
/* End PBXSourcesBuildPhase section */

/* Begin PBXTargetDependency section */
		176289592E7DCC0200B1C0A5 /* PBXTargetDependency */ = {
			isa = PBXTargetDependency;
			target = 176289522E7DCC0200B1C0A5 /* OneSignalNotificatinServiceExtension */;
			targetProxy = 176289582E7DCC0200B1C0A5 /* PBXContainerItemProxy */;
		};
/* End PBXTargetDependency section */

/* Begin XCBuildConfiguration section */
		1762895C2E7DCC0200B1C0A5 /* Debug */ = {
			isa = XCBuildConfiguration;
			buildSettings = {
				CODE_SIGN_ENTITLEMENTS = OneSignalNotificatinServiceExtension/OneSignalNotificatinServiceExtension.entitlements;
				CODE_SIGN_IDENTITY = "Apple Development";
				CODE_SIGN_STYLE = Automatic;
				CURRENT_PROJECT_VERSION = 1;
				DEVELOPMENT_TEAM = K3URHYXYV9;
				ENABLE_USER_SCRIPT_SANDBOXING = YES;
				GENERATE_INFOPLIST_FILE = YES;
				INFOPLIST_FILE = OneSignalNotificatinServiceExtension/Info.plist;
				INFOPLIST_KEY_CFBundleDisplayName = OneSignalNotificatinServiceExtension;
				INFOPLIST_KEY_NSHumanReadableCopyright = "";
				IPHONEOS_DEPLOYMENT_TARGET = 18.0;
				LD_RUNPATH_SEARCH_PATHS = (
					"$(inherited)",
					"@executable_path/Frameworks",
					"@executable_path/../../Frameworks",
				);
				MARKETING_VERSION = 1.0;
				PRODUCT_BUNDLE_IDENTIFIER = com.keak.aishou.OneSignalNotificatinServiceExtension;
				PRODUCT_NAME = "$(TARGET_NAME)";
				SKIP_INSTALL = YES;
				SWIFT_EMIT_LOC_STRINGS = YES;
				SWIFT_VERSION = 5.0;
				TARGETED_DEVICE_FAMILY = "1,2";
			};
			name = Debug;
		};
		1762895D2E7DCC0200B1C0A5 /* Release */ = {
			isa = XCBuildConfiguration;
			buildSettings = {
				CODE_SIGN_ENTITLEMENTS = OneSignalNotificatinServiceExtension/OneSignalNotificatinServiceExtension.entitlements;
				CODE_SIGN_IDENTITY = "Apple Development";
				CODE_SIGN_STYLE = Automatic;
				CURRENT_PROJECT_VERSION = 1;
				DEVELOPMENT_TEAM = K3URHYXYV9;
				ENABLE_USER_SCRIPT_SANDBOXING = YES;
				GENERATE_INFOPLIST_FILE = YES;
				INFOPLIST_FILE = OneSignalNotificatinServiceExtension/Info.plist;
				INFOPLIST_KEY_CFBundleDisplayName = OneSignalNotificatinServiceExtension;
				INFOPLIST_KEY_NSHumanReadableCopyright = "";
				IPHONEOS_DEPLOYMENT_TARGET = 18.0;
				LD_RUNPATH_SEARCH_PATHS = (
					"$(inherited)",
					"@executable_path/Frameworks",
					"@executable_path/../../Frameworks",
				);
				MARKETING_VERSION = 1.0;
				PRODUCT_BUNDLE_IDENTIFIER = com.keak.aishou.OneSignalNotificatinServiceExtension;
				PRODUCT_NAME = "$(TARGET_NAME)";
				SKIP_INSTALL = YES;
				SWIFT_EMIT_LOC_STRINGS = YES;
				SWIFT_VERSION = 5.0;
				TARGETED_DEVICE_FAMILY = "1,2";
			};
			name = Release;
		};
		B9DA97BD2DC1472D00A4DA20 /* Debug */ = {
			isa = XCBuildConfiguration;
			buildSettings = {
				ALWAYS_SEARCH_USER_PATHS = NO;
				ASSETCATALOG_COMPILER_GENERATE_SWIFT_ASSET_SYMBOL_EXTENSIONS = YES;
				CLANG_ANALYZER_NONNULL = YES;
				CLANG_ANALYZER_NUMBER_OBJECT_CONVERSION = YES_AGGRESSIVE;
				CLANG_CXX_LANGUAGE_STANDARD = "gnu++20";
				CLANG_ENABLE_MODULES = YES;
				CLANG_ENABLE_OBJC_ARC = YES;
				CLANG_ENABLE_OBJC_WEAK = YES;
				CLANG_WARN_BLOCK_CAPTURE_AUTORELEASING = YES;
				CLANG_WARN_BOOL_CONVERSION = YES;
				CLANG_WARN_COMMA = YES;
				CLANG_WARN_CONSTANT_CONVERSION = YES;
				CLANG_WARN_DEPRECATED_OBJC_IMPLEMENTATIONS = YES;
				CLANG_WARN_DIRECT_OBJC_ISA_USAGE = YES_ERROR;
				CLANG_WARN_DOCUMENTATION_COMMENTS = YES;
				CLANG_WARN_EMPTY_BODY = YES;
				CLANG_WARN_ENUM_CONVERSION = YES;
				CLANG_WARN_INFINITE_RECURSION = YES;
				CLANG_WARN_INT_CONVERSION = YES;
				CLANG_WARN_NON_LITERAL_NULL_CONVERSION = YES;
				CLANG_WARN_OBJC_IMPLICIT_RETAIN_SELF = YES;
				CLANG_WARN_OBJC_LITERAL_CONVERSION = YES;
				CLANG_WARN_OBJC_ROOT_CLASS = YES_ERROR;
				CLANG_WARN_QUOTED_INCLUDE_IN_FRAMEWORK_HEADER = YES;
				CLANG_WARN_RANGE_LOOP_ANALYSIS = YES;
				CLANG_WARN_STRICT_PROTOTYPES = YES;
				CLANG_WARN_SUSPICIOUS_MOVE = YES;
				CLANG_WARN_UNGUARDED_AVAILABILITY = YES_AGGRESSIVE;
				CLANG_WARN_UNREACHABLE_CODE = YES;
				CLANG_WARN__DUPLICATE_METHOD_MATCH = YES;
				COPY_PHASE_STRIP = NO;
				DEBUG_INFORMATION_FORMAT = dwarf;
				ENABLE_STRICT_OBJC_MSGSEND = YES;
				ENABLE_TESTABILITY = YES;
				ENABLE_USER_SCRIPT_SANDBOXING = NO;
				GCC_C_LANGUAGE_STANDARD = gnu17;
				GCC_DYNAMIC_NO_PIC = NO;
				GCC_NO_COMMON_BLOCKS = YES;
				GCC_OPTIMIZATION_LEVEL = 0;
				GCC_PREPROCESSOR_DEFINITIONS = (
					"DEBUG=1",
					"$(inherited)",
				);
				GCC_WARN_64_TO_32_BIT_CONVERSION = YES;
				GCC_WARN_ABOUT_RETURN_TYPE = YES_ERROR;
				GCC_WARN_UNDECLARED_SELECTOR = YES;
				GCC_WARN_UNINITIALIZED_AUTOS = YES_AGGRESSIVE;
				GCC_WARN_UNUSED_FUNCTION = YES;
				GCC_WARN_UNUSED_VARIABLE = YES;
				IPHONEOS_DEPLOYMENT_TARGET = 18.2;
				LOCALIZATION_PREFERS_STRING_CATALOGS = YES;
				MTL_ENABLE_DEBUG_INFO = INCLUDE_SOURCE;
				MTL_FAST_MATH = YES;
				ONLY_ACTIVE_ARCH = YES;
				SDKROOT = iphoneos;
				SWIFT_ACTIVE_COMPILATION_CONDITIONS = "DEBUG $(inherited)";
				SWIFT_OPTIMIZATION_LEVEL = "-Onone";
			};
			name = Debug;
		};
		B9DA97BE2DC1472D00A4DA20 /* Release */ = {
			isa = XCBuildConfiguration;
			buildSettings = {
				ALWAYS_SEARCH_USER_PATHS = NO;
				ASSETCATALOG_COMPILER_GENERATE_SWIFT_ASSET_SYMBOL_EXTENSIONS = YES;
				CLANG_ANALYZER_NONNULL = YES;
				CLANG_ANALYZER_NUMBER_OBJECT_CONVERSION = YES_AGGRESSIVE;
				CLANG_CXX_LANGUAGE_STANDARD = "gnu++20";
				CLANG_ENABLE_MODULES = YES;
				CLANG_ENABLE_OBJC_ARC = YES;
				CLANG_ENABLE_OBJC_WEAK = YES;
				CLANG_WARN_BLOCK_CAPTURE_AUTORELEASING = YES;
				CLANG_WARN_BOOL_CONVERSION = YES;
				CLANG_WARN_COMMA = YES;
				CLANG_WARN_CONSTANT_CONVERSION = YES;
				CLANG_WARN_DEPRECATED_OBJC_IMPLEMENTATIONS = YES;
				CLANG_WARN_DIRECT_OBJC_ISA_USAGE = YES_ERROR;
				CLANG_WARN_DOCUMENTATION_COMMENTS = YES;
				CLANG_WARN_EMPTY_BODY = YES;
				CLANG_WARN_ENUM_CONVERSION = YES;
				CLANG_WARN_INFINITE_RECURSION = YES;
				CLANG_WARN_INT_CONVERSION = YES;
				CLANG_WARN_NON_LITERAL_NULL_CONVERSION = YES;
				CLANG_WARN_OBJC_IMPLICIT_RETAIN_SELF = YES;
				CLANG_WARN_OBJC_LITERAL_CONVERSION = YES;
				CLANG_WARN_OBJC_ROOT_CLASS = YES_ERROR;
				CLANG_WARN_QUOTED_INCLUDE_IN_FRAMEWORK_HEADER = YES;
				CLANG_WARN_RANGE_LOOP_ANALYSIS = YES;
				CLANG_WARN_STRICT_PROTOTYPES = YES;
				CLANG_WARN_SUSPICIOUS_MOVE = YES;
				CLANG_WARN_UNGUARDED_AVAILABILITY = YES_AGGRESSIVE;
				CLANG_WARN_UNREACHABLE_CODE = YES;
				CLANG_WARN__DUPLICATE_METHOD_MATCH = YES;
				COPY_PHASE_STRIP = NO;
				DEBUG_INFORMATION_FORMAT = "dwarf-with-dsym";
				ENABLE_NS_ASSERTIONS = NO;
				ENABLE_STRICT_OBJC_MSGSEND = YES;
				ENABLE_USER_SCRIPT_SANDBOXING = NO;
				GCC_C_LANGUAGE_STANDARD = gnu17;
				GCC_NO_COMMON_BLOCKS = YES;
				GCC_WARN_64_TO_32_BIT_CONVERSION = YES;
				GCC_WARN_ABOUT_RETURN_TYPE = YES_ERROR;
				GCC_WARN_UNDECLARED_SELECTOR = YES;
				GCC_WARN_UNINITIALIZED_AUTOS = YES_AGGRESSIVE;
				GCC_WARN_UNUSED_FUNCTION = YES;
				GCC_WARN_UNUSED_VARIABLE = YES;
				IPHONEOS_DEPLOYMENT_TARGET = 18.2;
				LOCALIZATION_PREFERS_STRING_CATALOGS = YES;
				MTL_ENABLE_DEBUG_INFO = NO;
				MTL_FAST_MATH = YES;
				SDKROOT = iphoneos;
				SWIFT_COMPILATION_MODE = wholemodule;
				VALIDATE_PRODUCT = YES;
			};
			name = Release;
		};
		B9DA97C02DC1472D00A4DA20 /* Debug */ = {
			isa = XCBuildConfiguration;
			baseConfigurationReferenceAnchor = B9DA98002DC14AA900A4DA20 /* Configuration */;
			baseConfigurationReferenceRelativePath = Config.xcconfig;
			buildSettings = {
				ASSETCATALOG_COMPILER_APPICON_NAME = AppIcon;
				ASSETCATALOG_COMPILER_GLOBAL_ACCENT_COLOR_NAME = AccentColor;
				CODE_SIGN_ENTITLEMENTS = iosApp/iosApp.entitlements;
				CODE_SIGN_IDENTITY = "Apple Development";
				CODE_SIGN_STYLE = Automatic;
				DEVELOPMENT_ASSET_PATHS = "\"iosApp/Preview Content\"";
				DEVELOPMENT_TEAM = K3URHYXYV9;
				ENABLE_PREVIEWS = YES;
				FRAMEWORK_SEARCH_PATHS = (
					"$(inherited)",
					"$(SRCROOT)/../shared/build/xcode-frameworks/$(CONFIGURATION)/$(SDK_NAME)\n$(SRCROOT)/../composeApp/build/xcode-frameworks/$(CONFIGURATION)/$(SDK_NAME)",
				);
				GENERATE_INFOPLIST_FILE = YES;
				INFOPLIST_FILE = iosApp/Info.plist;
				INFOPLIST_KEY_UIApplicationSceneManifest_Generation = YES;
				INFOPLIST_KEY_UIApplicationSupportsIndirectInputEvents = YES;
				INFOPLIST_KEY_UILaunchScreen_Generation = YES;
				INFOPLIST_KEY_UISupportedInterfaceOrientations_iPad = "UIInterfaceOrientationPortrait UIInterfaceOrientationPortraitUpsideDown UIInterfaceOrientationLandscapeLeft UIInterfaceOrientationLandscapeRight";
				INFOPLIST_KEY_UISupportedInterfaceOrientations_iPhone = "UIInterfaceOrientationPortrait UIInterfaceOrientationLandscapeLeft UIInterfaceOrientationLandscapeRight";
				IPHONEOS_DEPLOYMENT_TARGET = 18.0;
				LD_RUNPATH_SEARCH_PATHS = (
					"$(inherited)",
					"@executable_path/Frameworks",
				);
				PRODUCT_BUNDLE_IDENTIFIER = com.keak.aishou;
				SWIFT_EMIT_LOC_STRINGS = YES;
				SWIFT_VERSION = 5.0;
				TARGETED_DEVICE_FAMILY = "1,2";
			};
			name = Debug;
		};
		B9DA97C12DC1472D00A4DA20 /* Release */ = {
			isa = XCBuildConfiguration;
			baseConfigurationReferenceAnchor = B9DA98002DC14AA900A4DA20 /* Configuration */;
			baseConfigurationReferenceRelativePath = Config.xcconfig;
			buildSettings = {
				ASSETCATALOG_COMPILER_APPICON_NAME = AppIcon;
				ASSETCATALOG_COMPILER_GLOBAL_ACCENT_COLOR_NAME = AccentColor;
				CODE_SIGN_ENTITLEMENTS = iosApp/iosApp.entitlements;
				CODE_SIGN_IDENTITY = "Apple Development";
				CODE_SIGN_STYLE = Automatic;
				DEVELOPMENT_ASSET_PATHS = "\"iosApp/Preview Content\"";
				DEVELOPMENT_TEAM = K3URHYXYV9;
				ENABLE_PREVIEWS = YES;
				FRAMEWORK_SEARCH_PATHS = (
					"$(inherited)",
					"$(SRCROOT)/../shared/build/xcode-frameworks/$(CONFIGURATION)/$(SDK_NAME)\n$(SRCROOT)/../composeApp/build/xcode-frameworks/$(CONFIGURATION)/$(SDK_NAME)",
				);
				GENERATE_INFOPLIST_FILE = YES;
				INFOPLIST_FILE = iosApp/Info.plist;
				INFOPLIST_KEY_UIApplicationSceneManifest_Generation = YES;
				INFOPLIST_KEY_UIApplicationSupportsIndirectInputEvents = YES;
				INFOPLIST_KEY_UILaunchScreen_Generation = YES;
				INFOPLIST_KEY_UISupportedInterfaceOrientations_iPad = "UIInterfaceOrientationPortrait UIInterfaceOrientationPortraitUpsideDown UIInterfaceOrientationLandscapeLeft UIInterfaceOrientationLandscapeRight";
				INFOPLIST_KEY_UISupportedInterfaceOrientations_iPhone = "UIInterfaceOrientationPortrait UIInterfaceOrientationLandscapeLeft UIInterfaceOrientationLandscapeRight";
				IPHONEOS_DEPLOYMENT_TARGET = 18.0;
				LD_RUNPATH_SEARCH_PATHS = (
					"$(inherited)",
					"@executable_path/Frameworks",
				);
				PRODUCT_BUNDLE_IDENTIFIER = com.keak.aishou;
				SWIFT_EMIT_LOC_STRINGS = YES;
				SWIFT_VERSION = 5.0;
				TARGETED_DEVICE_FAMILY = "1,2";
			};
			name = Release;
		};
/* End XCBuildConfiguration section */

/* Begin XCConfigurationList section */
		1762895B2E7DCC0200B1C0A5 /* Build configuration list for PBXNativeTarget "OneSignalNotificatinServiceExtension" */ = {
			isa = XCConfigurationList;
			buildConfigurations = (
				1762895C2E7DCC0200B1C0A5 /* Debug */,
				1762895D2E7DCC0200B1C0A5 /* Release */,
			);
			defaultConfigurationIsVisible = 0;
			defaultConfigurationName = Release;
		};
		B9DA97AC2DC1472C00A4DA20 /* Build configuration list for PBXProject "iosApp" */ = {
			isa = XCConfigurationList;
			buildConfigurations = (
				B9DA97BD2DC1472D00A4DA20 /* Debug */,
				B9DA97BE2DC1472D00A4DA20 /* Release */,
			);
			defaultConfigurationIsVisible = 0;
			defaultConfigurationName = Release;
		};
		B9DA97BF2DC1472D00A4DA20 /* Build configuration list for PBXNativeTarget "iosApp" */ = {
			isa = XCConfigurationList;
			buildConfigurations = (
				B9DA97C02DC1472D00A4DA20 /* Debug */,
				B9DA97C12DC1472D00A4DA20 /* Release */,
			);
			defaultConfigurationIsVisible = 0;
			defaultConfigurationName = Release;
		};
/* End XCConfigurationList section */

/* Begin XCRemoteSwiftPackageReference section */
		1762894D2E7DBAC900B1C0A5 /* XCRemoteSwiftPackageReference "OneSignal-iOS-SDK" */ = {
			isa = XCRemoteSwiftPackageReference;
			repositoryURL = "https://github.com/OneSignal/OneSignal-iOS-SDK";
			requirement = {
				kind = upToNextMajorVersion;
				minimumVersion = 5.1.21;
			};
		};
		176FC5AA2E67346B0061FD26 /* XCRemoteSwiftPackageReference "purchases-hybrid-common" */ = {
			isa = XCRemoteSwiftPackageReference;
			repositoryURL = "https://github.com/RevenueCat/purchases-hybrid-common";
			requirement = {
				kind = exactVersion;
				version = 17.0.0;
			};
		};
/* End XCRemoteSwiftPackageReference section */

/* Begin XCSwiftPackageProductDependency section */
		176289612E7DCD1500B1C0A5 /* OneSignalExtension */ = {
			isa = XCSwiftPackageProductDependency;
			package = 1762894D2E7DBAC900B1C0A5 /* XCRemoteSwiftPackageReference "OneSignal-iOS-SDK" */;
			productName = OneSignalExtension;
		};
		176289632E7DCD1500B1C0A5 /* OneSignalFramework */ = {
			isa = XCSwiftPackageProductDependency;
			package = 1762894D2E7DBAC900B1C0A5 /* XCRemoteSwiftPackageReference "OneSignal-iOS-SDK" */;
			productName = OneSignalFramework;
		};
		176289652E7DCD1500B1C0A5 /* OneSignalInAppMessages */ = {
			isa = XCSwiftPackageProductDependency;
			package = 1762894D2E7DBAC900B1C0A5 /* XCRemoteSwiftPackageReference "OneSignal-iOS-SDK" */;
			productName = OneSignalInAppMessages;
		};
		176FC5AB2E67346B0061FD26 /* PurchasesHybridCommon */ = {
			isa = XCSwiftPackageProductDependency;
			package = 176FC5AA2E67346B0061FD26 /* XCRemoteSwiftPackageReference "purchases-hybrid-common" */;
			productName = PurchasesHybridCommon;
		};
		176FC5AD2E67346B0061FD26 /* PurchasesHybridCommonUI */ = {
			isa = XCSwiftPackageProductDependency;
			package = 176FC5AA2E67346B0061FD26 /* XCRemoteSwiftPackageReference "purchases-hybrid-common" */;
			productName = PurchasesHybridCommonUI;
		};
/* End XCSwiftPackageProductDependency section */
	};
	rootObject = B9DA97A92DC1472C00A4DA20 /* Project object */;
}
