{
  "originHash" : "299ee0d37bc5b1dcddd6f3e9dd941b6de2fbeb4392dce0bc0701d42824248c97",
  "pins" : [
    {
      "identity" : "onesignal-ios-sdk",
      "kind" : "remoteSourceControl",
      "location" : "https://github.com/OneSignal/OneSignal-iOS-SDK",
      "state" : {
        "revision" : "2c3b878c32b0adc8349dc1bf2509ca7decd3b27c",
        "version" : "5.2.14"
      }
    },
    {
      "identity" : "purchases-hybrid-common",
      "kind" : "remoteSourceControl",
      "location" : "https://github.com/RevenueCat/purchases-hybrid-common",
      "state" : {
        "revision" : "c86d7f269325e5a7ade5daac463d4f26c654594f",
        "version" : "17.0.0"
      }
    },
    {
      "identity" : "purchases-ios-spm",
      "kind" : "remoteSourceControl",
      "location" : "https://github.com/RevenueCat/purchases-ios-spm",
      "state" : {
        "revision" : "334e4c6d711286744f1b9138934774f034c0a515",
        "version" : "5.35.1"
      }
    }
  ],
  "version" : 3
}
